// !$*UTF8*$!
{
	archiveVersion = 1;
	classes = {
	};
	objectVersion = 51;
	objects = {

/* Begin PBXBuildFile section */
		23C248AEBFAC712BB351338A /* Pods_IMDB_Movies.framework in Frameworks */ = {isa = PBXBuildFile; fileRef = 1C922870F6095067D659251B /* Pods_IMDB_Movies.framework */; };
		8F07A92F24AB3C7C0030A468 /* StringConstant.swift in Sources */ = {isa = PBXBuildFile; fileRef = 8F07A92E24AB3C7C0030A468 /* StringConstant.swift */; };
		8F07A93124AB419A0030A468 /* RxAnimatableTableSectionModel.swift in Sources */ = {isa = PBXBuildFile; fileRef = 8F07A93024AB419A0030A468 /* RxAnimatableTableSectionModel.swift */; };
		8F07A93324AB42090030A468 /* RxAnimatableTableCellModel.swift in Sources */ = {isa = PBXBuildFile; fileRef = 8F07A93224AB42090030A468 /* RxAnimatableTableCellModel.swift */; };
		8F07A93524AB42A20030A468 /* DataState.swift in Sources */ = {isa = PBXBuildFile; fileRef = 8F07A93424AB42A20030A468 /* DataState.swift */; };
		8F07A93624AB49470030A468 /* OpenSans-Regular.ttf in Resources */ = {isa = PBXBuildFile; fileRef = 8F395FDD24AB22E9005A995B /* OpenSans-Regular.ttf */; };
		8F07A93E24AB4D130030A468 /* MovieItemTableViewCell.swift in Sources */ = {isa = PBXBuildFile; fileRef = 8F07A93C24AB4D130030A468 /* MovieItemTableViewCell.swift */; };
		8F07A93F24AB4D130030A468 /* MovieItemTableViewCell.xib in Resources */ = {isa = PBXBuildFile; fileRef = 8F07A93D24AB4D130030A468 /* MovieItemTableViewCell.xib */; };
		8F07A94124AB50330030A468 /* UIImageView.swift in Sources */ = {isa = PBXBuildFile; fileRef = 8F07A94024AB50330030A468 /* UIImageView.swift */; };
		8F07A94324AB557F0030A468 /* UITableView.swift in Sources */ = {isa = PBXBuildFile; fileRef = 8F07A94224AB557F0030A468 /* UITableView.swift */; };
		8F07A94624AB5B400030A468 /* ActivityIndicatorTableViewCell.swift in Sources */ = {isa = PBXBuildFile; fileRef = 8F07A94424AB5B400030A468 /* ActivityIndicatorTableViewCell.swift */; };
		8F07A94724AB5B400030A468 /* ActivityIndicatorTableViewCell.xib in Resources */ = {isa = PBXBuildFile; fileRef = 8F07A94524AB5B400030A468 /* ActivityIndicatorTableViewCell.xib */; };
		8F395FA524AAFD15005A995B /* AppDelegate.swift in Sources */ = {isa = PBXBuildFile; fileRef = 8F395FA424AAFD15005A995B /* AppDelegate.swift */; };
		8F395FA924AAFD15005A995B /* ViewController.swift in Sources */ = {isa = PBXBuildFile; fileRef = 8F395FA824AAFD15005A995B /* ViewController.swift */; };
		8F395FAC24AAFD15005A995B /* Main.storyboard in Resources */ = {isa = PBXBuildFile; fileRef = 8F395FAA24AAFD15005A995B /* Main.storyboard */; };
		8F395FAE24AAFD19005A995B /* Assets.xcassets in Resources */ = {isa = PBXBuildFile; fileRef = 8F395FAD24AAFD19005A995B /* Assets.xcassets */; };
		8F395FB124AAFD19005A995B /* LaunchScreen.storyboard in Resources */ = {isa = PBXBuildFile; fileRef = 8F395FAF24AAFD19005A995B /* LaunchScreen.storyboard */; };
		8F395FBA24AB019C005A995B /* RemoteDataProvider.swift in Sources */ = {isa = PBXBuildFile; fileRef = 8F395FB924AB019C005A995B /* RemoteDataProvider.swift */; };
		8F395FC024AB07C3005A995B /* MovieRemoteDataProvider.swift in Sources */ = {isa = PBXBuildFile; fileRef = 8F395FBF24AB07C3005A995B /* MovieRemoteDataProvider.swift */; };
		8F395FC224AB080C005A995B /* NumberConstants.swift in Sources */ = {isa = PBXBuildFile; fileRef = 8F395FC124AB080C005A995B /* NumberConstants.swift */; };
		8F395FC524AB0855005A995B /* MovieModel.swift in Sources */ = {isa = PBXBuildFile; fileRef = 8F395FC424AB0855005A995B /* MovieModel.swift */; };
		8F395FCD24AB20AB005A995B /* ViewModel.swift in Sources */ = {isa = PBXBuildFile; fileRef = 8F395FCC24AB20AB005A995B /* ViewModel.swift */; };
		8F395FD024AB2167005A995B /* MEmptyDataSetView.swift in Sources */ = {isa = PBXBuildFile; fileRef = 8F395FCF24AB2167005A995B /* MEmptyDataSetView.swift */; };
		8F395FD224AB21A9005A995B /* ColorsConstant.swift in Sources */ = {isa = PBXBuildFile; fileRef = 8F395FD124AB21A9005A995B /* ColorsConstant.swift */; };
		8F395FD624AB21F9005A995B /* UIColor.swift in Sources */ = {isa = PBXBuildFile; fileRef = 8F395FD524AB21F9005A995B /* UIColor.swift */; };
		8F395FDA24AB2295005A995B /* CFont.swift in Sources */ = {isa = PBXBuildFile; fileRef = 8F395FD924AB2295005A995B /* CFont.swift */; };
		8F395FDE24AB22E9005A995B /* OpenSans-Bold.ttf in Resources */ = {isa = PBXBuildFile; fileRef = 8F395FDC24AB22E9005A995B /* OpenSans-Bold.ttf */; };
		8F395FE124AB233E005A995B /* ImagesConstant.swift in Sources */ = {isa = PBXBuildFile; fileRef = 8F395FE024AB233E005A995B /* ImagesConstant.swift */; };
		8F395FE324AB3581005A995B /* URLConstants.swift in Sources */ = {isa = PBXBuildFile; fileRef = 8F395FE224AB3581005A995B /* URLConstants.swift */; };
		8F395FE524AB3644005A995B /* MoviesListViewModel.swift in Sources */ = {isa = PBXBuildFile; fileRef = 8F395FE424AB3644005A995B /* MoviesListViewModel.swift */; };
		8F395FE724AB3683005A995B /* DataProvider.swift in Sources */ = {isa = PBXBuildFile; fileRef = 8F395FE624AB3683005A995B /* DataProvider.swift */; };
		8F395FE924AB3693005A995B /* MovieDataProvider.swift in Sources */ = {isa = PBXBuildFile; fileRef = 8F395FE824AB3693005A995B /* MovieDataProvider.swift */; };
		8F395FEC24AB386D005A995B /* MovieJsonMapper.swift in Sources */ = {isa = PBXBuildFile; fileRef = 8F395FEB24AB386C005A995B /* MovieJsonMapper.swift */; };
		8F395FEE24AB3AD1005A995B /* MovieListViewController.swift in Sources */ = {isa = PBXBuildFile; fileRef = 8F395FED24AB3AD1005A995B /* MovieListViewController.swift */; };
		8F63ABC924AC948E00FF1DB3 /* TrailerViewController.swift in Sources */ = {isa = PBXBuildFile; fileRef = 8F63ABC824AC948E00FF1DB3 /* TrailerViewController.swift */; };
		8F63ABCB24ACA54E00FF1DB3 /* TrailerViewModel.swift in Sources */ = {isa = PBXBuildFile; fileRef = 8F63ABCA24ACA54E00FF1DB3 /* TrailerViewModel.swift */; };
		8F63ABD024ACCA2700FF1DB3 /* MovieLocalDbProvider.swift in Sources */ = {isa = PBXBuildFile; fileRef = 8F63ABCF24ACCA2700FF1DB3 /* MovieLocalDbProvider.swift */; };
		8F63ABD224ACCA7900FF1DB3 /* LocalDbProvider.swift in Sources */ = {isa = PBXBuildFile; fileRef = 8F63ABD124ACCA7900FF1DB3 /* LocalDbProvider.swift */; };
		8F63ABD524ACCAD900FF1DB3 /* BaseRealmModel.swift in Sources */ = {isa = PBXBuildFile; fileRef = 8F63ABD424ACCAD900FF1DB3 /* BaseRealmModel.swift */; };
		8F63ABD724ACCAFF00FF1DB3 /* MovieRealmModel.swift in Sources */ = {isa = PBXBuildFile; fileRef = 8F63ABD624ACCAFF00FF1DB3 /* MovieRealmModel.swift */; };
		8F63ABD924ACCC7100FF1DB3 /* LazyMapCollection.swift in Sources */ = {isa = PBXBuildFile; fileRef = 8F63ABD824ACCC7100FF1DB3 /* LazyMapCollection.swift */; };
		8F63ABDC24ACCCAA00FF1DB3 /* BaseFactory.swift in Sources */ = {isa = PBXBuildFile; fileRef = 8F63ABDB24ACCCAA00FF1DB3 /* BaseFactory.swift */; };
		8F63ABDE24ACCCBF00FF1DB3 /* MovieFactory.swift in Sources */ = {isa = PBXBuildFile; fileRef = 8F63ABDD24ACCCBF00FF1DB3 /* MovieFactory.swift */; };
		8F63ABE024ACD08300FF1DB3 /* Error.swift in Sources */ = {isa = PBXBuildFile; fileRef = 8F63ABDF24ACD08300FF1DB3 /* Error.swift */; };
		8F64E31824AB9EE20061D098 /* MovieDetailViewController.swift in Sources */ = {isa = PBXBuildFile; fileRef = 8F64E31724AB9EE20061D098 /* MovieDetailViewController.swift */; };
		8F8AB02A24AC605E001A018B /* CError.swift in Sources */ = {isa = PBXBuildFile; fileRef = 8F8AB02924AC605E001A018B /* CError.swift */; };
		8FD0314624AB76C900BB74CD /* Navigator.swift in Sources */ = {isa = PBXBuildFile; fileRef = 8FD0314524AB76C900BB74CD /* Navigator.swift */; };
		8FD9699A24ADDCC600CAFA36 /* MovieListViewModelTest.swift in Sources */ = {isa = PBXBuildFile; fileRef = 8FD9699924ADDCC600CAFA36 /* MovieListViewModelTest.swift */; };
		8FD9699E24ADF39300CAFA36 /* FakeMovieDataProvider.swift in Sources */ = {isa = PBXBuildFile; fileRef = 8FD9699D24ADF39300CAFA36 /* FakeMovieDataProvider.swift */; };
		8FD969A124ADF9E900CAFA36 /* MovieDetailViewModelTest.swift in Sources */ = {isa = PBXBuildFile; fileRef = 8FD969A024ADF9E900CAFA36 /* MovieDetailViewModelTest.swift */; };
		8FECF82924AC579C00F1B435 /* MovieDetailViewModel.swift in Sources */ = {isa = PBXBuildFile; fileRef = 8FECF82824AC579C00F1B435 /* MovieDetailViewModel.swift */; };
		EA9D99EDB0BE8025CF382F74 /* Pods_IMDB_MoviesTests.framework in Frameworks */ = {isa = PBXBuildFile; fileRef = DABE52F890883A9C368A3A94 /* Pods_IMDB_MoviesTests.framework */; };
/* End PBXBuildFile section */

/* Begin PBXContainerItemProxy section */
		8FF7C7E124ADDC0B00F668EB /* PBXContainerItemProxy */ = {
			isa = PBXContainerItemProxy;
			containerPortal = 8F395F9924AAFD15005A995B /* Project object */;
			proxyType = 1;
			remoteGlobalIDString = 8F395FA024AAFD15005A995B;
			remoteInfo = IMDB_Movies;
		};
/* End PBXContainerItemProxy section */

/* Begin PBXFileReference section */
		1C922870F6095067D659251B /* Pods_IMDB_Movies.framework */ = {isa = PBXFileReference; explicitFileType = wrapper.framework; includeInIndex = 0; path = Pods_IMDB_Movies.framework; sourceTree = BUILT_PRODUCTS_DIR; };
		2AB83E01012104FCD51AF758 /* Pods-IMDB_Movies.release.xcconfig */ = {isa = PBXFileReference; includeInIndex = 1; lastKnownFileType = text.xcconfig; name = "Pods-IMDB_Movies.release.xcconfig"; path = "Target Support Files/Pods-IMDB_Movies/Pods-IMDB_Movies.release.xcconfig"; sourceTree = "<group>"; };
		623BD0488318E21FB8EC8154 /* Pods-IMDB_MoviesTests.debug.xcconfig */ = {isa = PBXFileReference; includeInIndex = 1; lastKnownFileType = text.xcconfig; name = "Pods-IMDB_MoviesTests.debug.xcconfig"; path = "Target Support Files/Pods-IMDB_MoviesTests/Pods-IMDB_MoviesTests.debug.xcconfig"; sourceTree = "<group>"; };
		8F07A92E24AB3C7C0030A468 /* StringConstant.swift */ = {isa = PBXFileReference; lastKnownFileType = sourcecode.swift; path = StringConstant.swift; sourceTree = "<group>"; };
		8F07A93024AB419A0030A468 /* RxAnimatableTableSectionModel.swift */ = {isa = PBXFileReference; lastKnownFileType = sourcecode.swift; path = RxAnimatableTableSectionModel.swift; sourceTree = "<group>"; };
		8F07A93224AB42090030A468 /* RxAnimatableTableCellModel.swift */ = {isa = PBXFileReference; lastKnownFileType = sourcecode.swift; path = RxAnimatableTableCellModel.swift; sourceTree = "<group>"; };
		8F07A93424AB42A20030A468 /* DataState.swift */ = {isa = PBXFileReference; lastKnownFileType = sourcecode.swift; path = DataState.swift; sourceTree = "<group>"; };
		8F07A93C24AB4D130030A468 /* MovieItemTableViewCell.swift */ = {isa = PBXFileReference; lastKnownFileType = sourcecode.swift; path = MovieItemTableViewCell.swift; sourceTree = "<group>"; };
		8F07A93D24AB4D130030A468 /* MovieItemTableViewCell.xib */ = {isa = PBXFileReference; lastKnownFileType = file.xib; path = MovieItemTableViewCell.xib; sourceTree = "<group>"; };
		8F07A94024AB50330030A468 /* UIImageView.swift */ = {isa = PBXFileReference; lastKnownFileType = sourcecode.swift; path = UIImageView.swift; sourceTree = "<group>"; };
		8F07A94224AB557F0030A468 /* UITableView.swift */ = {isa = PBXFileReference; lastKnownFileType = sourcecode.swift; path = UITableView.swift; sourceTree = "<group>"; };
		8F07A94424AB5B400030A468 /* ActivityIndicatorTableViewCell.swift */ = {isa = PBXFileReference; lastKnownFileType = sourcecode.swift; path = ActivityIndicatorTableViewCell.swift; sourceTree = "<group>"; };
		8F07A94524AB5B400030A468 /* ActivityIndicatorTableViewCell.xib */ = {isa = PBXFileReference; lastKnownFileType = file.xib; path = ActivityIndicatorTableViewCell.xib; sourceTree = "<group>"; };
		8F395FA124AAFD15005A995B /* IMDB_Movies.app */ = {isa = PBXFileReference; explicitFileType = wrapper.application; includeInIndex = 0; path = IMDB_Movies.app; sourceTree = BUILT_PRODUCTS_DIR; };
		8F395FA424AAFD15005A995B /* AppDelegate.swift */ = {isa = PBXFileReference; lastKnownFileType = sourcecode.swift; path = AppDelegate.swift; sourceTree = "<group>"; };
		8F395FA824AAFD15005A995B /* ViewController.swift */ = {isa = PBXFileReference; lastKnownFileType = sourcecode.swift; path = ViewController.swift; sourceTree = "<group>"; };
		8F395FAB24AAFD15005A995B /* Base */ = {isa = PBXFileReference; lastKnownFileType = file.storyboard; name = Base; path = Base.lproj/Main.storyboard; sourceTree = "<group>"; };
		8F395FAD24AAFD19005A995B /* Assets.xcassets */ = {isa = PBXFileReference; lastKnownFileType = folder.assetcatalog; path = Assets.xcassets; sourceTree = "<group>"; };
		8F395FB024AAFD19005A995B /* Base */ = {isa = PBXFileReference; lastKnownFileType = file.storyboard; name = Base; path = Base.lproj/LaunchScreen.storyboard; sourceTree = "<group>"; };
		8F395FB224AAFD19005A995B /* Info.plist */ = {isa = PBXFileReference; lastKnownFileType = text.plist.xml; path = Info.plist; sourceTree = "<group>"; };
		8F395FB924AB019C005A995B /* RemoteDataProvider.swift */ = {isa = PBXFileReference; lastKnownFileType = sourcecode.swift; path = RemoteDataProvider.swift; sourceTree = "<group>"; };
		8F395FBF24AB07C3005A995B /* MovieRemoteDataProvider.swift */ = {isa = PBXFileReference; lastKnownFileType = sourcecode.swift; path = MovieRemoteDataProvider.swift; sourceTree = "<group>"; };
		8F395FC124AB080C005A995B /* NumberConstants.swift */ = {isa = PBXFileReference; lastKnownFileType = sourcecode.swift; path = NumberConstants.swift; sourceTree = "<group>"; };
		8F395FC424AB0855005A995B /* MovieModel.swift */ = {isa = PBXFileReference; lastKnownFileType = sourcecode.swift; path = MovieModel.swift; sourceTree = "<group>"; };
		8F395FCC24AB20AB005A995B /* ViewModel.swift */ = {isa = PBXFileReference; lastKnownFileType = sourcecode.swift; path = ViewModel.swift; sourceTree = "<group>"; };
		8F395FCF24AB2167005A995B /* MEmptyDataSetView.swift */ = {isa = PBXFileReference; lastKnownFileType = sourcecode.swift; path = MEmptyDataSetView.swift; sourceTree = "<group>"; };
		8F395FD124AB21A9005A995B /* ColorsConstant.swift */ = {isa = PBXFileReference; lastKnownFileType = sourcecode.swift; path = ColorsConstant.swift; sourceTree = "<group>"; };
		8F395FD524AB21F9005A995B /* UIColor.swift */ = {isa = PBXFileReference; lastKnownFileType = sourcecode.swift; path = UIColor.swift; sourceTree = "<group>"; };
		8F395FD924AB2295005A995B /* CFont.swift */ = {isa = PBXFileReference; lastKnownFileType = sourcecode.swift; path = CFont.swift; sourceTree = "<group>"; };
		8F395FDC24AB22E9005A995B /* OpenSans-Bold.ttf */ = {isa = PBXFileReference; lastKnownFileType = file; path = "OpenSans-Bold.ttf"; sourceTree = "<group>"; };
		8F395FDD24AB22E9005A995B /* OpenSans-Regular.ttf */ = {isa = PBXFileReference; lastKnownFileType = file; path = "OpenSans-Regular.ttf"; sourceTree = "<group>"; };
		8F395FE024AB233E005A995B /* ImagesConstant.swift */ = {isa = PBXFileReference; lastKnownFileType = sourcecode.swift; path = ImagesConstant.swift; sourceTree = "<group>"; };
		8F395FE224AB3581005A995B /* URLConstants.swift */ = {isa = PBXFileReference; lastKnownFileType = sourcecode.swift; path = URLConstants.swift; sourceTree = "<group>"; };
		8F395FE424AB3644005A995B /* MoviesListViewModel.swift */ = {isa = PBXFileReference; lastKnownFileType = sourcecode.swift; path = MoviesListViewModel.swift; sourceTree = "<group>"; };
		8F395FE624AB3683005A995B /* DataProvider.swift */ = {isa = PBXFileReference; lastKnownFileType = sourcecode.swift; path = DataProvider.swift; sourceTree = "<group>"; };
		8F395FE824AB3693005A995B /* MovieDataProvider.swift */ = {isa = PBXFileReference; lastKnownFileType = sourcecode.swift; path = MovieDataProvider.swift; sourceTree = "<group>"; };
		8F395FEB24AB386C005A995B /* MovieJsonMapper.swift */ = {isa = PBXFileReference; lastKnownFileType = sourcecode.swift; path = MovieJsonMapper.swift; sourceTree = "<group>"; };
		8F395FED24AB3AD1005A995B /* MovieListViewController.swift */ = {isa = PBXFileReference; lastKnownFileType = sourcecode.swift; path = MovieListViewController.swift; sourceTree = "<group>"; };
		8F63ABC824AC948E00FF1DB3 /* TrailerViewController.swift */ = {isa = PBXFileReference; lastKnownFileType = sourcecode.swift; path = TrailerViewController.swift; sourceTree = "<group>"; };
		8F63ABCA24ACA54E00FF1DB3 /* TrailerViewModel.swift */ = {isa = PBXFileReference; lastKnownFileType = sourcecode.swift; path = TrailerViewModel.swift; sourceTree = "<group>"; };
		8F63ABCF24ACCA2700FF1DB3 /* MovieLocalDbProvider.swift */ = {isa = PBXFileReference; lastKnownFileType = sourcecode.swift; path = MovieLocalDbProvider.swift; sourceTree = "<group>"; };
		8F63ABD124ACCA7900FF1DB3 /* LocalDbProvider.swift */ = {isa = PBXFileReference; fileEncoding = 4; lastKnownFileType = sourcecode.swift; path = LocalDbProvider.swift; sourceTree = "<group>"; };
		8F63ABD424ACCAD900FF1DB3 /* BaseRealmModel.swift */ = {isa = PBXFileReference; lastKnownFileType = sourcecode.swift; path = BaseRealmModel.swift; sourceTree = "<group>"; };
		8F63ABD624ACCAFF00FF1DB3 /* MovieRealmModel.swift */ = {isa = PBXFileReference; lastKnownFileType = sourcecode.swift; path = MovieRealmModel.swift; sourceTree = "<group>"; };
		8F63ABD824ACCC7100FF1DB3 /* LazyMapCollection.swift */ = {isa = PBXFileReference; lastKnownFileType = sourcecode.swift; path = LazyMapCollection.swift; sourceTree = "<group>"; };
		8F63ABDB24ACCCAA00FF1DB3 /* BaseFactory.swift */ = {isa = PBXFileReference; lastKnownFileType = sourcecode.swift; path = BaseFactory.swift; sourceTree = "<group>"; };
		8F63ABDD24ACCCBF00FF1DB3 /* MovieFactory.swift */ = {isa = PBXFileReference; lastKnownFileType = sourcecode.swift; path = MovieFactory.swift; sourceTree = "<group>"; };
		8F63ABDF24ACD08300FF1DB3 /* Error.swift */ = {isa = PBXFileReference; lastKnownFileType = sourcecode.swift; path = Error.swift; sourceTree = "<group>"; };
		8F64E31724AB9EE20061D098 /* MovieDetailViewController.swift */ = {isa = PBXFileReference; lastKnownFileType = sourcecode.swift; path = MovieDetailViewController.swift; sourceTree = "<group>"; };
		8F8AB02924AC605E001A018B /* CError.swift */ = {isa = PBXFileReference; lastKnownFileType = sourcecode.swift; path = CError.swift; sourceTree = "<group>"; };
		8FD0314524AB76C900BB74CD /* Navigator.swift */ = {isa = PBXFileReference; lastKnownFileType = sourcecode.swift; path = Navigator.swift; sourceTree = "<group>"; };
		8FD9699924ADDCC600CAFA36 /* MovieListViewModelTest.swift */ = {isa = PBXFileReference; lastKnownFileType = sourcecode.swift; path = MovieListViewModelTest.swift; sourceTree = "<group>"; };
		8FD9699D24ADF39300CAFA36 /* FakeMovieDataProvider.swift */ = {isa = PBXFileReference; lastKnownFileType = sourcecode.swift; path = FakeMovieDataProvider.swift; sourceTree = "<group>"; };
		8FD969A024ADF9E900CAFA36 /* MovieDetailViewModelTest.swift */ = {isa = PBXFileReference; lastKnownFileType = sourcecode.swift; path = MovieDetailViewModelTest.swift; sourceTree = "<group>"; };
		8FECF82824AC579C00F1B435 /* MovieDetailViewModel.swift */ = {isa = PBXFileReference; lastKnownFileType = sourcecode.swift; path = MovieDetailViewModel.swift; sourceTree = "<group>"; };
		8FF7C7DC24ADDC0B00F668EB /* IMDB_MoviesTests.xctest */ = {isa = PBXFileReference; explicitFileType = wrapper.cfbundle; includeInIndex = 0; path = IMDB_MoviesTests.xctest; sourceTree = BUILT_PRODUCTS_DIR; };
		8FF7C7E024ADDC0B00F668EB /* Info.plist */ = {isa = PBXFileReference; lastKnownFileType = text.plist.xml; path = Info.plist; sourceTree = "<group>"; };
		A119B5DD922CBE1A9C01DA65 /* Pods-IMDB_MoviesTests.release.xcconfig */ = {isa = PBXFileReference; includeInIndex = 1; lastKnownFileType = text.xcconfig; name = "Pods-IMDB_MoviesTests.release.xcconfig"; path = "Target Support Files/Pods-IMDB_MoviesTests/Pods-IMDB_MoviesTests.release.xcconfig"; sourceTree = "<group>"; };
		AD46CA06C7A03D64F67B1ABC /* Pods-IMDB_Movies.debug.xcconfig */ = {isa = PBXFileReference; includeInIndex = 1; lastKnownFileType = text.xcconfig; name = "Pods-IMDB_Movies.debug.xcconfig"; path = "Target Support Files/Pods-IMDB_Movies/Pods-IMDB_Movies.debug.xcconfig"; sourceTree = "<group>"; };
		DABE52F890883A9C368A3A94 /* Pods_IMDB_MoviesTests.framework */ = {isa = PBXFileReference; explicitFileType = wrapper.framework; includeInIndex = 0; path = Pods_IMDB_MoviesTests.framework; sourceTree = BUILT_PRODUCTS_DIR; };
/* End PBXFileReference section */

/* Begin PBXFrameworksBuildPhase section */
		8F395F9E24AAFD15005A995B /* Frameworks */ = {
			isa = PBXFrameworksBuildPhase;
			buildActionMask = 2147483647;
			files = (
				23C248AEBFAC712BB351338A /* Pods_IMDB_Movies.framework in Frameworks */,
			);
			runOnlyForDeploymentPostprocessing = 0;
		};
		8FF7C7D924ADDC0B00F668EB /* Frameworks */ = {
			isa = PBXFrameworksBuildPhase;
			buildActionMask = 2147483647;
			files = (
				EA9D99EDB0BE8025CF382F74 /* Pods_IMDB_MoviesTests.framework in Frameworks */,
			);
			runOnlyForDeploymentPostprocessing = 0;
		};
/* End PBXFrameworksBuildPhase section */

/* Begin PBXGroup section */
		8C475F6EB83700292D1FFE67 /* Pods */ = {
			isa = PBXGroup;
			children = (
				AD46CA06C7A03D64F67B1ABC /* Pods-IMDB_Movies.debug.xcconfig */,
				2AB83E01012104FCD51AF758 /* Pods-IMDB_Movies.release.xcconfig */,
				623BD0488318E21FB8EC8154 /* Pods-IMDB_MoviesTests.debug.xcconfig */,
				A119B5DD922CBE1A9C01DA65 /* Pods-IMDB_MoviesTests.release.xcconfig */,
			);
			path = Pods;
			sourceTree = "<group>";
		};
		8F07A93724AB4B1F0030A468 /* Table Cells */ = {
			isa = PBXGroup;
			children = (
				8F07A93C24AB4D130030A468 /* MovieItemTableViewCell.swift */,
				8F07A93D24AB4D130030A468 /* MovieItemTableViewCell.xib */,
				8F07A94424AB5B400030A468 /* ActivityIndicatorTableViewCell.swift */,
				8F07A94524AB5B400030A468 /* ActivityIndicatorTableViewCell.xib */,
			);
			path = "Table Cells";
			sourceTree = "<group>";
		};
		8F395F9824AAFD15005A995B = {
			isa = PBXGroup;
			children = (
				8F395FA324AAFD15005A995B /* IMDB_Movies */,
				8FF7C7DD24ADDC0B00F668EB /* IMDB_MoviesTests */,
				8F395FA224AAFD15005A995B /* Products */,
				8C475F6EB83700292D1FFE67 /* Pods */,
				C7164CC6B93C59EBB2D699FD /* Frameworks */,
			);
			sourceTree = "<group>";
		};
		8F395FA224AAFD15005A995B /* Products */ = {
			isa = PBXGroup;
			children = (
				8F395FA124AAFD15005A995B /* IMDB_Movies.app */,
				8FF7C7DC24ADDC0B00F668EB /* IMDB_MoviesTests.xctest */,
			);
			name = Products;
			sourceTree = "<group>";
		};
		8F395FA324AAFD15005A995B /* IMDB_Movies */ = {
			isa = PBXGroup;
			children = (
				8F395FA424AAFD15005A995B /* AppDelegate.swift */,
				8F395FB224AAFD19005A995B /* Info.plist */,
				8F07A93724AB4B1F0030A468 /* Table Cells */,
				8F395FCE24AB214E005A995B /* Custom UI Classes */,
				8F395FCB24AB209D005A995B /* View Models */,
				8F395FCA24AB2090005A995B /* View Controllers */,
				8F395FB824AB0179005A995B /* Data Providers */,
				8F395FC324AB083F005A995B /* Models */,
				8F395FBB24AB03F0005A995B /* Utilities */,
				8F395FC824AB205F005A995B /* Views */,
				8F395FEA24AB384E005A995B /* JSON Mapper */,
				8F63ABDA24ACCC9600FF1DB3 /* Factory */,
				8F395FC924AB206D005A995B /* Resources */,
			);
			path = IMDB_Movies;
			sourceTree = "<group>";
		};
		8F395FB824AB0179005A995B /* Data Providers */ = {
			isa = PBXGroup;
			children = (
				8F395FBE24AB077B005A995B /* Remote Data Providers */,
				8F63ABCC24ACC88F00FF1DB3 /* Local Data Providers */,
				8F395FE624AB3683005A995B /* DataProvider.swift */,
				8F395FE824AB3693005A995B /* MovieDataProvider.swift */,
			);
			path = "Data Providers";
			sourceTree = "<group>";
		};
		8F395FBB24AB03F0005A995B /* Utilities */ = {
			isa = PBXGroup;
			children = (
				8F395FD424AB21ED005A995B /* Extensions */,
				8F395FD724AB222D005A995B /* Constants */,
				8F395FD924AB2295005A995B /* CFont.swift */,
				8F395FE224AB3581005A995B /* URLConstants.swift */,
				8F07A93424AB42A20030A468 /* DataState.swift */,
				8FD0314524AB76C900BB74CD /* Navigator.swift */,
				8F8AB02924AC605E001A018B /* CError.swift */,
			);
			path = Utilities;
			sourceTree = "<group>";
		};
		8F395FBE24AB077B005A995B /* Remote Data Providers */ = {
			isa = PBXGroup;
			children = (
				8F395FB924AB019C005A995B /* RemoteDataProvider.swift */,
				8F395FBF24AB07C3005A995B /* MovieRemoteDataProvider.swift */,
			);
			path = "Remote Data Providers";
			sourceTree = "<group>";
		};
		8F395FC324AB083F005A995B /* Models */ = {
			isa = PBXGroup;
			children = (
				8F395FC424AB0855005A995B /* MovieModel.swift */,
				8F07A93024AB419A0030A468 /* RxAnimatableTableSectionModel.swift */,
				8F07A93224AB42090030A468 /* RxAnimatableTableCellModel.swift */,
			);
			path = Models;
			sourceTree = "<group>";
		};
		8F395FC824AB205F005A995B /* Views */ = {
			isa = PBXGroup;
			children = (
				8F395FAA24AAFD15005A995B /* Main.storyboard */,
				8F395FAF24AAFD19005A995B /* LaunchScreen.storyboard */,
			);
			path = Views;
			sourceTree = "<group>";
		};
		8F395FC924AB206D005A995B /* Resources */ = {
			isa = PBXGroup;
			children = (
				8F395FAD24AAFD19005A995B /* Assets.xcassets */,
				8F395FDB24AB22DD005A995B /* Fonts */,
			);
			path = Resources;
			sourceTree = "<group>";
		};
		8F395FCA24AB2090005A995B /* View Controllers */ = {
			isa = PBXGroup;
			children = (
				8F395FA824AAFD15005A995B /* ViewController.swift */,
				8F395FED24AB3AD1005A995B /* MovieListViewController.swift */,
				8F64E31724AB9EE20061D098 /* MovieDetailViewController.swift */,
				8F63ABC824AC948E00FF1DB3 /* TrailerViewController.swift */,
			);
			path = "View Controllers";
			sourceTree = "<group>";
		};
		8F395FCB24AB209D005A995B /* View Models */ = {
			isa = PBXGroup;
			children = (
				8F395FCC24AB20AB005A995B /* ViewModel.swift */,
				8F395FE424AB3644005A995B /* MoviesListViewModel.swift */,
				8FECF82824AC579C00F1B435 /* MovieDetailViewModel.swift */,
				8F63ABCA24ACA54E00FF1DB3 /* TrailerViewModel.swift */,
			);
			path = "View Models";
			sourceTree = "<group>";
		};
		8F395FCE24AB214E005A995B /* Custom UI Classes */ = {
			isa = PBXGroup;
			children = (
				8F395FCF24AB2167005A995B /* MEmptyDataSetView.swift */,
			);
			path = "Custom UI Classes";
			sourceTree = "<group>";
		};
		8F395FD424AB21ED005A995B /* Extensions */ = {
			isa = PBXGroup;
			children = (
				8F395FD524AB21F9005A995B /* UIColor.swift */,
				8F07A94024AB50330030A468 /* UIImageView.swift */,
				8F07A94224AB557F0030A468 /* UITableView.swift */,
				8F63ABD824ACCC7100FF1DB3 /* LazyMapCollection.swift */,
				8F63ABDF24ACD08300FF1DB3 /* Error.swift */,
			);
			path = Extensions;
			sourceTree = "<group>";
		};
		8F395FD724AB222D005A995B /* Constants */ = {
			isa = PBXGroup;
			children = (
				8F395FC124AB080C005A995B /* NumberConstants.swift */,
				8F395FD124AB21A9005A995B /* ColorsConstant.swift */,
				8F395FE024AB233E005A995B /* ImagesConstant.swift */,
				8F07A92E24AB3C7C0030A468 /* StringConstant.swift */,
			);
			path = Constants;
			sourceTree = "<group>";
		};
		8F395FDB24AB22DD005A995B /* Fonts */ = {
			isa = PBXGroup;
			children = (
				8F395FDC24AB22E9005A995B /* OpenSans-Bold.ttf */,
				8F395FDD24AB22E9005A995B /* OpenSans-Regular.ttf */,
			);
			path = Fonts;
			sourceTree = "<group>";
		};
		8F395FEA24AB384E005A995B /* JSON Mapper */ = {
			isa = PBXGroup;
			children = (
				8F395FEB24AB386C005A995B /* MovieJsonMapper.swift */,
			);
			path = "JSON Mapper";
			sourceTree = "<group>";
		};
		8F63ABCC24ACC88F00FF1DB3 /* Local Data Providers */ = {
			isa = PBXGroup;
			children = (
				8F63ABD324ACCAB600FF1DB3 /* Realm Models */,
				8F63ABD124ACCA7900FF1DB3 /* LocalDbProvider.swift */,
				8F63ABCF24ACCA2700FF1DB3 /* MovieLocalDbProvider.swift */,
			);
			path = "Local Data Providers";
			sourceTree = "<group>";
		};
		8F63ABD324ACCAB600FF1DB3 /* Realm Models */ = {
			isa = PBXGroup;
			children = (
				8F63ABD424ACCAD900FF1DB3 /* BaseRealmModel.swift */,
				8F63ABD624ACCAFF00FF1DB3 /* MovieRealmModel.swift */,
			);
			path = "Realm Models";
			sourceTree = "<group>";
		};
		8F63ABDA24ACCC9600FF1DB3 /* Factory */ = {
			isa = PBXGroup;
			children = (
				8F63ABDB24ACCCAA00FF1DB3 /* BaseFactory.swift */,
				8F63ABDD24ACCCBF00FF1DB3 /* MovieFactory.swift */,
			);
			path = Factory;
			sourceTree = "<group>";
		};
		8FD9699F24ADF9C400CAFA36 /* Fake Data Providers */ = {
			isa = PBXGroup;
			children = (
				8FD9699D24ADF39300CAFA36 /* FakeMovieDataProvider.swift */,
			);
			path = "Fake Data Providers";
			sourceTree = "<group>";
		};
		8FF7C7DD24ADDC0B00F668EB /* IMDB_MoviesTests */ = {
			isa = PBXGroup;
			children = (
				8FD9699F24ADF9C400CAFA36 /* Fake Data Providers */,
				8FD9699924ADDCC600CAFA36 /* MovieListViewModelTest.swift */,
				8FD969A024ADF9E900CAFA36 /* MovieDetailViewModelTest.swift */,
				8FF7C7E024ADDC0B00F668EB /* Info.plist */,
			);
			path = IMDB_MoviesTests;
			sourceTree = "<group>";
		};
		C7164CC6B93C59EBB2D699FD /* Frameworks */ = {
			isa = PBXGroup;
			children = (
				1C922870F6095067D659251B /* Pods_IMDB_Movies.framework */,
				DABE52F890883A9C368A3A94 /* Pods_IMDB_MoviesTests.framework */,
			);
			name = Frameworks;
			sourceTree = "<group>";
		};
/* End PBXGroup section */

/* Begin PBXNativeTarget section */
		8F395FA024AAFD15005A995B /* IMDB_Movies */ = {
			isa = PBXNativeTarget;
			buildConfigurationList = 8F395FB524AAFD19005A995B /* Build configuration list for PBXNativeTarget "IMDB_Movies" */;
			buildPhases = (
				B7A5BE12C6A73685B42CF915 /* [CP] Check Pods Manifest.lock */,
				8F395F9D24AAFD15005A995B /* Sources */,
				8F395F9E24AAFD15005A995B /* Frameworks */,
				8F395F9F24AAFD15005A995B /* Resources */,
				34012C72FABE4F1BAC064FA9 /* [CP] Embed Pods Frameworks */,
			);
			buildRules = (
			);
			dependencies = (
			);
			name = IMDB_Movies;
			productName = IMDB_Movies;
			productReference = 8F395FA124AAFD15005A995B /* IMDB_Movies.app */;
			productType = "com.apple.product-type.application";
		};
		8FF7C7DB24ADDC0B00F668EB /* IMDB_MoviesTests */ = {
			isa = PBXNativeTarget;
			buildConfigurationList = 8FF7C7E524ADDC0B00F668EB /* Build configuration list for PBXNativeTarget "IMDB_MoviesTests" */;
			buildPhases = (
				3518A044A82A5C860FD24DD7 /* [CP] Check Pods Manifest.lock */,
				8FF7C7D824ADDC0B00F668EB /* Sources */,
				8FF7C7D924ADDC0B00F668EB /* Frameworks */,
				8FF7C7DA24ADDC0B00F668EB /* Resources */,
			);
			buildRules = (
			);
			dependencies = (
				8FF7C7E224ADDC0B00F668EB /* PBXTargetDependency */,
			);
			name = IMDB_MoviesTests;
			productName = IMDB_MoviesTests;
			productReference = 8FF7C7DC24ADDC0B00F668EB /* IMDB_MoviesTests.xctest */;
			productType = "com.apple.product-type.bundle.unit-test";
		};
/* End PBXNativeTarget section */

/* Begin PBXProject section */
		8F395F9924AAFD15005A995B /* Project object */ = {
			isa = PBXProject;
			attributes = {
				LastSwiftUpdateCheck = 1120;
				LastUpgradeCheck = 1120;
				ORGANIZATIONNAME = "Anirudha Mahale";
				TargetAttributes = {
					8F395FA024AAFD15005A995B = {
						CreatedOnToolsVersion = 11.2.1;
					};
					8FF7C7DB24ADDC0B00F668EB = {
						CreatedOnToolsVersion = 11.2.1;
						TestTargetID = 8F395FA024AAFD15005A995B;
					};
				};
			};
			buildConfigurationList = 8F395F9C24AAFD15005A995B /* Build configuration list for PBXProject "IMDB_Movies" */;
			compatibilityVersion = "Xcode 9.3";
			developmentRegion = en;
			hasScannedForEncodings = 0;
			knownRegions = (
				en,
				Base,
			);
			mainGroup = 8F395F9824AAFD15005A995B;
			productRefGroup = 8F395FA224AAFD15005A995B /* Products */;
			projectDirPath = "";
			projectRoot = "";
			targets = (
				8F395FA024AAFD15005A995B /* IMDB_Movies */,
				8FF7C7DB24ADDC0B00F668EB /* IMDB_MoviesTests */,
			);
		};
/* End PBXProject section */

/* Begin PBXResourcesBuildPhase section */
		8F395F9F24AAFD15005A995B /* Resources */ = {
			isa = PBXResourcesBuildPhase;
			buildActionMask = 2147483647;
			files = (
				8F07A93624AB49470030A468 /* OpenSans-Regular.ttf in Resources */,
				8F395FB124AAFD19005A995B /* LaunchScreen.storyboard in Resources */,
				8F395FAE24AAFD19005A995B /* Assets.xcassets in Resources */,
				8F07A93F24AB4D130030A468 /* MovieItemTableViewCell.xib in Resources */,
				8F07A94724AB5B400030A468 /* ActivityIndicatorTableViewCell.xib in Resources */,
				8F395FDE24AB22E9005A995B /* OpenSans-Bold.ttf in Resources */,
				8F395FAC24AAFD15005A995B /* Main.storyboard in Resources */,
			);
			runOnlyForDeploymentPostprocessing = 0;
		};
		8FF7C7DA24ADDC0B00F668EB /* Resources */ = {
			isa = PBXResourcesBuildPhase;
			buildActionMask = 2147483647;
			files = (
			);
			runOnlyForDeploymentPostprocessing = 0;
		};
/* End PBXResourcesBuildPhase section */

/* Begin PBXShellScriptBuildPhase section */
		34012C72FABE4F1BAC064FA9 /* [CP] Embed Pods Frameworks */ = {
			isa = PBXShellScriptBuildPhase;
			buildActionMask = 2147483647;
			files = (
			);
			inputFileListPaths = (
				"${PODS_ROOT}/Target Support Files/Pods-IMDB_Movies/Pods-IMDB_Movies-frameworks-${CONFIGURATION}-input-files.xcfilelist",
			);
			name = "[CP] Embed Pods Frameworks";
			outputFileListPaths = (
				"${PODS_ROOT}/Target Support Files/Pods-IMDB_Movies/Pods-IMDB_Movies-frameworks-${CONFIGURATION}-output-files.xcfilelist",
			);
			runOnlyForDeploymentPostprocessing = 0;
			shellPath = /bin/sh;
			shellScript = "\"${PODS_ROOT}/Target Support Files/Pods-IMDB_Movies/Pods-IMDB_Movies-frameworks.sh\"\n";
			showEnvVarsInLog = 0;
		};
		3518A044A82A5C860FD24DD7 /* [CP] Check Pods Manifest.lock */ = {
			isa = PBXShellScriptBuildPhase;
			buildActionMask = 2147483647;
			files = (
			);
			inputFileListPaths = (
			);
			inputPaths = (
				"${PODS_PODFILE_DIR_PATH}/Podfile.lock",
				"${PODS_ROOT}/Manifest.lock",
			);
			name = "[CP] Check Pods Manifest.lock";
			outputFileListPaths = (
			);
			outputPaths = (
				"$(DERIVED_FILE_DIR)/Pods-IMDB_MoviesTests-checkManifestLockResult.txt",
			);
			runOnlyForDeploymentPostprocessing = 0;
			shellPath = /bin/sh;
			shellScript = "diff \"${PODS_PODFILE_DIR_PATH}/Podfile.lock\" \"${PODS_ROOT}/Manifest.lock\" > /dev/null\nif [ $? != 0 ] ; then\n    # print error to STDERR\n    echo \"error: The sandbox is not in sync with the Podfile.lock. Run 'pod install' or update your CocoaPods installation.\" >&2\n    exit 1\nfi\n# This output is used by Xcode 'outputs' to avoid re-running this script phase.\necho \"SUCCESS\" > \"${SCRIPT_OUTPUT_FILE_0}\"\n";
			showEnvVarsInLog = 0;
		};
		B7A5BE12C6A73685B42CF915 /* [CP] Check Pods Manifest.lock */ = {
			isa = PBXShellScriptBuildPhase;
			buildActionMask = 2147483647;
			files = (
			);
			inputFileListPaths = (
			);
			inputPaths = (
				"${PODS_PODFILE_DIR_PATH}/Podfile.lock",
				"${PODS_ROOT}/Manifest.lock",
			);
			name = "[CP] Check Pods Manifest.lock";
			outputFileListPaths = (
			);
			outputPaths = (
				"$(DERIVED_FILE_DIR)/Pods-IMDB_Movies-checkManifestLockResult.txt",
			);
			runOnlyForDeploymentPostprocessing = 0;
			shellPath = /bin/sh;
			shellScript = "diff \"${PODS_PODFILE_DIR_PATH}/Podfile.lock\" \"${PODS_ROOT}/Manifest.lock\" > /dev/null\nif [ $? != 0 ] ; then\n    # print error to STDERR\n    echo \"error: The sandbox is not in sync with the Podfile.lock. Run 'pod install' or update your CocoaPods installation.\" >&2\n    exit 1\nfi\n# This output is used by Xcode 'outputs' to avoid re-running this script phase.\necho \"SUCCESS\" > \"${SCRIPT_OUTPUT_FILE_0}\"\n";
			showEnvVarsInLog = 0;
		};
/* End PBXShellScriptBuildPhase section */

/* Begin PBXSourcesBuildPhase section */
		8F395F9D24AAFD15005A995B /* Sources */ = {
			isa = PBXSourcesBuildPhase;
			buildActionMask = 2147483647;
			files = (
				8F8AB02A24AC605E001A018B /* CError.swift in Sources */,
				8F395FC524AB0855005A995B /* MovieModel.swift in Sources */,
				8F63ABD224ACCA7900FF1DB3 /* LocalDbProvider.swift in Sources */,
				8F63ABDC24ACCCAA00FF1DB3 /* BaseFactory.swift in Sources */,
				8F395FC024AB07C3005A995B /* MovieRemoteDataProvider.swift in Sources */,
				8FD0314624AB76C900BB74CD /* Navigator.swift in Sources */,
				8F395FC224AB080C005A995B /* NumberConstants.swift in Sources */,
				8F64E31824AB9EE20061D098 /* MovieDetailViewController.swift in Sources */,
				8F63ABE024ACD08300FF1DB3 /* Error.swift in Sources */,
				8F395FBA24AB019C005A995B /* RemoteDataProvider.swift in Sources */,
				8F395FD224AB21A9005A995B /* ColorsConstant.swift in Sources */,
				8F07A92F24AB3C7C0030A468 /* StringConstant.swift in Sources */,
				8F395FDA24AB2295005A995B /* CFont.swift in Sources */,
				8F395FE324AB3581005A995B /* URLConstants.swift in Sources */,
				8F395FE924AB3693005A995B /* MovieDataProvider.swift in Sources */,
				8F395FA924AAFD15005A995B /* ViewController.swift in Sources */,
				8F07A94624AB5B400030A468 /* ActivityIndicatorTableViewCell.swift in Sources */,
				8F63ABDE24ACCCBF00FF1DB3 /* MovieFactory.swift in Sources */,
				8F395FEC24AB386D005A995B /* MovieJsonMapper.swift in Sources */,
				8F395FA524AAFD15005A995B /* AppDelegate.swift in Sources */,
				8F63ABD924ACCC7100FF1DB3 /* LazyMapCollection.swift in Sources */,
				8F63ABCB24ACA54E00FF1DB3 /* TrailerViewModel.swift in Sources */,
				8F07A94324AB557F0030A468 /* UITableView.swift in Sources */,
				8F395FCD24AB20AB005A995B /* ViewModel.swift in Sources */,
				8F63ABD524ACCAD900FF1DB3 /* BaseRealmModel.swift in Sources */,
				8F63ABD024ACCA2700FF1DB3 /* MovieLocalDbProvider.swift in Sources */,
				8F63ABD724ACCAFF00FF1DB3 /* MovieRealmModel.swift in Sources */,
				8F07A93524AB42A20030A468 /* DataState.swift in Sources */,
				8F07A93124AB419A0030A468 /* RxAnimatableTableSectionModel.swift in Sources */,
				8F395FD024AB2167005A995B /* MEmptyDataSetView.swift in Sources */,
				8F07A94124AB50330030A468 /* UIImageView.swift in Sources */,
				8F07A93324AB42090030A468 /* RxAnimatableTableCellModel.swift in Sources */,
				8F395FE524AB3644005A995B /* MoviesListViewModel.swift in Sources */,
				8FECF82924AC579C00F1B435 /* MovieDetailViewModel.swift in Sources */,
				8F395FE724AB3683005A995B /* DataProvider.swift in Sources */,
				8F395FEE24AB3AD1005A995B /* MovieListViewController.swift in Sources */,
				8F07A93E24AB4D130030A468 /* MovieItemTableViewCell.swift in Sources */,
				8F395FD624AB21F9005A995B /* UIColor.swift in Sources */,
				8F395FE124AB233E005A995B /* ImagesConstant.swift in Sources */,
				8F63ABC924AC948E00FF1DB3 /* TrailerViewController.swift in Sources */,
			);
			runOnlyForDeploymentPostprocessing = 0;
		};
		8FF7C7D824ADDC0B00F668EB /* Sources */ = {
			isa = PBXSourcesBuildPhase;
			buildActionMask = 2147483647;
			files = (
				8FD9699E24ADF39300CAFA36 /* FakeMovieDataProvider.swift in Sources */,
				8FD969A124ADF9E900CAFA36 /* MovieDetailViewModelTest.swift in Sources */,
				8FD9699A24ADDCC600CAFA36 /* MovieListViewModelTest.swift in Sources */,
			);
			runOnlyForDeploymentPostprocessing = 0;
		};
/* End PBXSourcesBuildPhase section */

/* Begin PBXTargetDependency section */
		8FF7C7E224ADDC0B00F668EB /* PBXTargetDependency */ = {
			isa = PBXTargetDependency;
			target = 8F395FA024AAFD15005A995B /* IMDB_Movies */;
			targetProxy = 8FF7C7E124ADDC0B00F668EB /* PBXContainerItemProxy */;
		};
/* End PBXTargetDependency section */

/* Begin PBXVariantGroup section */
		8F395FAA24AAFD15005A995B /* Main.storyboard */ = {
			isa = PBXVariantGroup;
			children = (
				8F395FAB24AAFD15005A995B /* Base */,
			);
			name = Main.storyboard;
			sourceTree = "<group>";
		};
		8F395FAF24AAFD19005A995B /* LaunchScreen.storyboard */ = {
			isa = PBXVariantGroup;
			children = (
				8F395FB024AAFD19005A995B /* Base */,
			);
			name = LaunchScreen.storyboard;
			sourceTree = "<group>";
		};
/* End PBXVariantGroup section */

/* Begin XCBuildConfiguration section */
		8F395FB324AAFD19005A995B /* Debug */ = {
			isa = XCBuildConfiguration;
			buildSettings = {
				ALWAYS_SEARCH_USER_PATHS = NO;
				CLANG_ANALYZER_NONNULL = YES;
				CLANG_ANALYZER_NUMBER_OBJECT_CONVERSION = YES_AGGRESSIVE;
				CLANG_CXX_LANGUAGE_STANDARD = "gnu++14";
				CLANG_CXX_LIBRARY = "libc++";
				CLANG_ENABLE_MODULES = YES;
				CLANG_ENABLE_OBJC_ARC = YES;
				CLANG_ENABLE_OBJC_WEAK = YES;
				CLANG_WARN_BLOCK_CAPTURE_AUTORELEASING = YES;
				CLANG_WARN_BOOL_CONVERSION = YES;
				CLANG_WARN_COMMA = YES;
				CLANG_WARN_CONSTANT_CONVERSION = YES;
				CLANG_WARN_DEPRECATED_OBJC_IMPLEMENTATIONS = YES;
				CLANG_WARN_DIRECT_OBJC_ISA_USAGE = YES_ERROR;
				CLANG_WARN_DOCUMENTATION_COMMENTS = YES;
				CLANG_WARN_EMPTY_BODY = YES;
				CLANG_WARN_ENUM_CONVERSION = YES;
				CLANG_WARN_INFINITE_RECURSION = YES;
				CLANG_WARN_INT_CONVERSION = YES;
				CLANG_WARN_NON_LITERAL_NULL_CONVERSION = YES;
				CLANG_WARN_OBJC_IMPLICIT_RETAIN_SELF = YES;
				CLANG_WARN_OBJC_LITERAL_CONVERSION = YES;
				CLANG_WARN_OBJC_ROOT_CLASS = YES_ERROR;
				CLANG_WARN_RANGE_LOOP_ANALYSIS = YES;
				CLANG_WARN_STRICT_PROTOTYPES = YES;
				CLANG_WARN_SUSPICIOUS_MOVE = YES;
				CLANG_WARN_UNGUARDED_AVAILABILITY = YES_AGGRESSIVE;
				CLANG_WARN_UNREACHABLE_CODE = YES;
				CLANG_WARN__DUPLICATE_METHOD_MATCH = YES;
				COPY_PHASE_STRIP = NO;
				DEBUG_INFORMATION_FORMAT = dwarf;
				ENABLE_STRICT_OBJC_MSGSEND = YES;
				ENABLE_TESTABILITY = YES;
				GCC_C_LANGUAGE_STANDARD = gnu11;
				GCC_DYNAMIC_NO_PIC = NO;
				GCC_NO_COMMON_BLOCKS = YES;
				GCC_OPTIMIZATION_LEVEL = 0;
				GCC_PREPROCESSOR_DEFINITIONS = (
					"DEBUG=1",
					"$(inherited)",
				);
				GCC_WARN_64_TO_32_BIT_CONVERSION = YES;
				GCC_WARN_ABOUT_RETURN_TYPE = YES_ERROR;
				GCC_WARN_UNDECLARED_SELECTOR = YES;
				GCC_WARN_UNINITIALIZED_AUTOS = YES_AGGRESSIVE;
				GCC_WARN_UNUSED_FUNCTION = YES;
				GCC_WARN_UNUSED_VARIABLE = YES;
				IPHONEOS_DEPLOYMENT_TARGET = 13.2;
				MTL_ENABLE_DEBUG_INFO = INCLUDE_SOURCE;
				MTL_FAST_MATH = YES;
				ONLY_ACTIVE_ARCH = YES;
				SDKROOT = iphoneos;
				SWIFT_ACTIVE_COMPILATION_CONDITIONS = DEBUG;
				SWIFT_OPTIMIZATION_LEVEL = "-Onone";
			};
			name = Debug;
		};
		8F395FB424AAFD19005A995B /* Release */ = {
			isa = XCBuildConfiguration;
			buildSettings = {
				ALWAYS_SEARCH_USER_PATHS = NO;
				CLANG_ANALYZER_NONNULL = YES;
				CLANG_ANALYZER_NUMBER_OBJECT_CONVERSION = YES_AGGRESSIVE;
				CLANG_CXX_LANGUAGE_STANDARD = "gnu++14";
				CLANG_CXX_LIBRARY = "libc++";
				CLANG_ENABLE_MODULES = YES;
				CLANG_ENABLE_OBJC_ARC = YES;
				CLANG_ENABLE_OBJC_WEAK = YES;
				CLANG_WARN_BLOCK_CAPTURE_AUTORELEASING = YES;
				CLANG_WARN_BOOL_CONVERSION = YES;
				CLANG_WARN_COMMA = YES;
				CLANG_WARN_CONSTANT_CONVERSION = YES;
				CLANG_WARN_DEPRECATED_OBJC_IMPLEMENTATIONS = YES;
				CLANG_WARN_DIRECT_OBJC_ISA_USAGE = YES_ERROR;
				CLANG_WARN_DOCUMENTATION_COMMENTS = YES;
				CLANG_WARN_EMPTY_BODY = YES;
				CLANG_WARN_ENUM_CONVERSION = YES;
				CLANG_WARN_INFINITE_RECURSION = YES;
				CLANG_WARN_INT_CONVERSION = YES;
				CLANG_WARN_NON_LITERAL_NULL_CONVERSION = YES;
				CLANG_WARN_OBJC_IMPLICIT_RETAIN_SELF = YES;
				CLANG_WARN_OBJC_LITERAL_CONVERSION = YES;
				CLANG_WARN_OBJC_ROOT_CLASS = YES_ERROR;
				CLANG_WARN_RANGE_LOOP_ANALYSIS = YES;
				CLANG_WARN_STRICT_PROTOTYPES = YES;
				CLANG_WARN_SUSPICIOUS_MOVE = YES;
				CLANG_WARN_UNGUARDED_AVAILABILITY = YES_AGGRESSIVE;
				CLANG_WARN_UNREACHABLE_CODE = YES;
				CLANG_WARN__DUPLICATE_METHOD_MATCH = YES;
				COPY_PHASE_STRIP = NO;
				DEBUG_INFORMATION_FORMAT = "dwarf-with-dsym";
				ENABLE_NS_ASSERTIONS = NO;
				ENABLE_STRICT_OBJC_MSGSEND = YES;
				GCC_C_LANGUAGE_STANDARD = gnu11;
				GCC_NO_COMMON_BLOCKS = YES;
				GCC_WARN_64_TO_32_BIT_CONVERSION = YES;
				GCC_WARN_ABOUT_RETURN_TYPE = YES_ERROR;
				GCC_WARN_UNDECLARED_SELECTOR = YES;
				GCC_WARN_UNINITIALIZED_AUTOS = YES_AGGRESSIVE;
				GCC_WARN_UNUSED_FUNCTION = YES;
				GCC_WARN_UNUSED_VARIABLE = YES;
				IPHONEOS_DEPLOYMENT_TARGET = 13.2;
				MTL_ENABLE_DEBUG_INFO = NO;
				MTL_FAST_MATH = YES;
				SDKROOT = iphoneos;
				SWIFT_COMPILATION_MODE = wholemodule;
				SWIFT_OPTIMIZATION_LEVEL = "-O";
				VALIDATE_PRODUCT = YES;
			};
			name = Release;
		};
		8F395FB624AAFD19005A995B /* Debug */ = {
			isa = XCBuildConfiguration;
			baseConfigurationReference = AD46CA06C7A03D64F67B1ABC /* Pods-IMDB_Movies.debug.xcconfig */;
			buildSettings = {
				ASSETCATALOG_COMPILER_APPICON_NAME = AppIcon;
				CODE_SIGN_STYLE = Automatic;
				DEVELOPMENT_TEAM = 5MG4YU4SAP;
				INFOPLIST_FILE = IMDB_Movies/Info.plist;
				IPHONEOS_DEPLOYMENT_TARGET = 10.0;
				LD_RUNPATH_SEARCH_PATHS = (
					"$(inherited)",
					"@executable_path/Frameworks",
				);
				PRODUCT_BUNDLE_IDENTIFIER = com.anirudhamahale.movies;
				PRODUCT_NAME = "$(TARGET_NAME)";
				SWIFT_VERSION = 5.0;
				TARGETED_DEVICE_FAMILY = "1,2";
			};
			name = Debug;
		};
		8F395FB724AAFD19005A995B /* Release */ = {
			isa = XCBuildConfiguration;
			baseConfigurationReference = 2AB83E01012104FCD51AF758 /* Pods-IMDB_Movies.release.xcconfig */;
			buildSettings = {
				ASSETCATALOG_COMPILER_APPICON_NAME = AppIcon;
				CODE_SIGN_STYLE = Automatic;
				DEVELOPMENT_TEAM = 5MG4YU4SAP;
				INFOPLIST_FILE = IMDB_Movies/Info.plist;
				IPHONEOS_DEPLOYMENT_TARGET = 10.0;
				LD_RUNPATH_SEARCH_PATHS = (
					"$(inherited)",
					"@executable_path/Frameworks",
				);
				PRODUCT_BUNDLE_IDENTIFIER = com.anirudhamahale.movies;
				PRODUCT_NAME = "$(TARGET_NAME)";
				SWIFT_VERSION = 5.0;
				TARGETED_DEVICE_FAMILY = "1,2";
			};
			name = Release;
		};
		8FF7C7E324ADDC0B00F668EB /* Debug */ = {
			isa = XCBuildConfiguration;
			baseConfigurationReference = 623BD0488318E21FB8EC8154 /* Pods-IMDB_MoviesTests.debug.xcconfig */;
			buildSettings = {
				BUNDLE_LOADER = "$(TEST_HOST)";
				CODE_SIGN_STYLE = Automatic;
				DEVELOPMENT_TEAM = 5MG4YU4SAP;
				INFOPLIST_FILE = IMDB_MoviesTests/Info.plist;
				LD_RUNPATH_SEARCH_PATHS = (
					"$(inherited)",
					"@executable_path/Frameworks",
					"@loader_path/Frameworks",
				);
				PRODUCT_BUNDLE_IDENTIFIER = "com.anirudhamahale.IMDB-MoviesTests";
				PRODUCT_NAME = "$(TARGET_NAME)";
				SWIFT_VERSION = 5.0;
				TARGETED_DEVICE_FAMILY = "1,2";
				TEST_HOST = "$(BUILT_PRODUCTS_DIR)/IMDB_Movies.app/IMDB_Movies";
			};
			name = Debug;
		};
		8FF7C7E424ADDC0B00F668EB /* Release */ = {
			isa = XCBuildConfiguration;
			baseConfigurationReference = A119B5DD922CBE1A9C01DA65 /* Pods-IMDB_MoviesTests.release.xcconfig */;
			buildSettings = {
				BUNDLE_LOADER = "$(TEST_HOST)";
				CODE_SIGN_STYLE = Automatic;
				DEVELOPMENT_TEAM = 5MG4YU4SAP;
				INFOPLIST_FILE = IMDB_MoviesTests/Info.plist;
				LD_RUNPATH_SEARCH_PATHS = (
					"$(inherited)",
					"@executable_path/Frameworks",
					"@loader_path/Frameworks",
				);
				PRODUCT_BUNDLE_IDENTIFIER = "com.anirudhamahale.IMDB-MoviesTests";
				PRODUCT_NAME = "$(TARGET_NAME)";
				SWIFT_VERSION = 5.0;
				TARGETED_DEVICE_FAMILY = "1,2";
				TEST_HOST = "$(BUILT_PRODUCTS_DIR)/IMDB_Movies.app/IMDB_Movies";
			};
			name = Release;
		};
/* End XCBuildConfiguration section */

/* Begin XCConfigurationList section */
		8F395F9C24AAFD15005A995B /* Build configuration list for PBXProject "IMDB_Movies" */ = {
			isa = XCConfigurationList;
			buildConfigurations = (
				8F395FB324AAFD19005A995B /* Debug */,
				8F395FB424AAFD19005A995B /* Release */,
			);
			defaultConfigurationIsVisible = 0;
			defaultConfigurationName = Release;
		};
		8F395FB524AAFD19005A995B /* Build configuration list for PBXNativeTarget "IMDB_Movies" */ = {
			isa = XCConfigurationList;
			buildConfigurations = (
				8F395FB624AAFD19005A995B /* Debug */,
				8F395FB724AAFD19005A995B /* Release */,
			);
			defaultConfigurationIsVisible = 0;
			defaultConfigurationName = Release;
		};
		8FF7C7E524ADDC0B00F668EB /* Build configuration list for PBXNativeTarget "IMDB_MoviesTests" */ = {
			isa = XCConfigurationList;
			buildConfigurations = (
				8FF7C7E324ADDC0B00F668EB /* Debug */,
				8FF7C7E424ADDC0B00F668EB /* Release */,
			);
			defaultConfigurationIsVisible = 0;
			defaultConfigurationName = Release;
		};
/* End XCConfigurationList section */
	};
	rootObject = 8F395F9924AAFD15005A995B /* Project object */;
}
